// !$*UTF8*$!
{
	archiveVersion = 1;
	classes = {
	};
	objectVersion = 77;
	objects = {

/* Begin PBXBuildFile section */
		63A9C4F12F078A6E00F36D67 /* FirebaseAI in Frameworks */ = {isa = PBXBuildFile; productRef = 63A9C4F02F078A6E00F36D67 /* FirebaseAI */; };
		63A9C4F32F078A6E00F36D67 /* FirebaseAILogic in Frameworks */ = {isa = PBXBuildFile; productRef = 63A9C4F22F078A6E00F36D67 /* FirebaseAILogic */; };
		63A9C4F52F078A6E00F36D67 /* FirebaseAnalytics in Frameworks */ = {isa = PBXBuildFile; productRef = 63A9C4F42F078A6E00F36D67 /* FirebaseAnalytics */; };
		63A9C4F72F078A6E00F36D67 /* FirebaseAnalyticsCore in Frameworks */ = {isa = PBXBuildFile; productRef = 63A9C4F62F078A6E00F36D67 /* FirebaseAnalyticsCore */; };
		63A9C4F92F078A6E00F36D67 /* FirebaseAnalyticsIdentitySupport in Frameworks */ = {isa = PBXBuildFile; productRef = 63A9C4F82F078A6E00F36D67 /* FirebaseAnalyticsIdentitySupport */; };
		63A9C4FB2F078AE400F36D67 /* FirebaseAppCheck in Frameworks */ = {isa = PBXBuildFile; productRef = 63A9C4FA2F078AE400F36D67 /* FirebaseAppCheck */; };
		63A9C4FD2F078AE400F36D67 /* FirebaseAppDistribution-Beta in Frameworks */ = {isa = PBXBuildFile; productRef = 63A9C4FC2F078AE400F36D67 /* FirebaseAppDistribution-Beta */; };
		63A9C4FF2F078AE400F36D67 /* FirebaseAuth in Frameworks */ = {isa = PBXBuildFile; productRef = 63A9C4FE2F078AE400F36D67 /* FirebaseAuth */; };
		63A9C5012F078AE400F36D67 /* FirebaseAuthCombine-Community in Frameworks */ = {isa = PBXBuildFile; productRef = 63A9C5002F078AE400F36D67 /* FirebaseAuthCombine-Community */; };
		63A9C5032F078AE400F36D67 /* FirebaseCore in Frameworks */ = {isa = PBXBuildFile; productRef = 63A9C5022F078AE400F36D67 /* FirebaseCore */; };
		63A9C5052F078AE400F36D67 /* FirebaseCrashlytics in Frameworks */ = {isa = PBXBuildFile; productRef = 63A9C5042F078AE400F36D67 /* FirebaseCrashlytics */; };
		63A9C5072F078AE400F36D67 /* FirebaseDatabase in Frameworks */ = {isa = PBXBuildFile; productRef = 63A9C5062F078AE400F36D67 /* FirebaseDatabase */; };
		63A9C5092F078AE400F36D67 /* FirebaseFirestore in Frameworks */ = {isa = PBXBuildFile; productRef = 63A9C5082F078AE400F36D67 /* FirebaseFirestore */; };
		63A9C50B2F078AE400F36D67 /* FirebaseFirestoreCombine-Community in Frameworks */ = {isa = PBXBuildFile; productRef = 63A9C50A2F078AE400F36D67 /* FirebaseFirestoreCombine-Community */; };
		63A9C50D2F078AE400F36D67 /* FirebaseFunctions in Frameworks */ = {isa = PBXBuildFile; productRef = 63A9C50C2F078AE400F36D67 /* FirebaseFunctions */; };
		63A9C50F2F078AE400F36D67 /* FirebaseFunctionsCombine-Community in Frameworks */ = {isa = PBXBuildFile; productRef = 63A9C50E2F078AE400F36D67 /* FirebaseFunctionsCombine-Community */; };
		63A9C5112F078AE400F36D67 /* FirebaseInAppMessaging-Beta in Frameworks */ = {isa = PBXBuildFile; productRef = 63A9C5102F078AE400F36D67 /* FirebaseInAppMessaging-Beta */; };
		63A9C5132F078AE400F36D67 /* FirebaseInstallations in Frameworks */ = {isa = PBXBuildFile; productRef = 63A9C5122F078AE400F36D67 /* FirebaseInstallations */; };
		63A9C5152F078AE400F36D67 /* FirebaseMLModelDownloader in Frameworks */ = {isa = PBXBuildFile; productRef = 63A9C5142F078AE400F36D67 /* FirebaseMLModelDownloader */; };
		63A9C5172F078AE400F36D67 /* FirebaseMessaging in Frameworks */ = {isa = PBXBuildFile; productRef = 63A9C5162F078AE400F36D67 /* FirebaseMessaging */; };
		63A9C5192F078AE400F36D67 /* FirebasePerformance in Frameworks */ = {isa = PBXBuildFile; productRef = 63A9C5182F078AE400F36D67 /* FirebasePerformance */; };
		63A9C51B2F078AE400F36D67 /* FirebaseRemoteConfig in Frameworks */ = {isa = PBXBuildFile; productRef = 63A9C51A2F078AE400F36D67 /* FirebaseRemoteConfig */; };
		63A9C51D2F078AE400F36D67 /* FirebaseStorage in Frameworks */ = {isa = PBXBuildFile; productRef = 63A9C51C2F078AE400F36D67 /* FirebaseStorage */; };
		63A9C51F2F078AE400F36D67 /* FirebaseStorageCombine-Community in Frameworks */ = {isa = PBXBuildFile; productRef = 63A9C51E2F078AE400F36D67 /* FirebaseStorageCombine-Community */; };
/* End PBXBuildFile section */

/* Begin PBXFileReference section */
		639FC0582F0636C600388606 /* Unseen.app */ = {isa = PBXFileReference; explicitFileType = wrapper.application; includeInIndex = 0; path = Unseen.app; sourceTree = BUILT_PRODUCTS_DIR; };
/* End PBXFileReference section */

/* Begin PBXFileSystemSynchronizedRootGroup section */
		639FC05A2F0636C600388606 /* Unseen */ = {
			isa = PBXFileSystemSynchronizedRootGroup;
			path = Unseen;
			sourceTree = "<group>";
		};
/* End PBXFileSystemSynchronizedRootGroup section */

/* Begin PBXFrameworksBuildPhase section */
		639FC0552F0636C600388606 /* Frameworks */ = {
			isa = PBXFrameworksBuildPhase;
			buildActionMask = 2147483647;
			files = (
				63A9C4FD2F078AE400F36D67 /* FirebaseAppDistribution-Beta in Frameworks */,
				63A9C5092F078AE400F36D67 /* FirebaseFirestore in Frameworks */,
				63A9C5012F078AE400F36D67 /* FirebaseAuthCombine-Community in Frameworks */,
				63A9C5132F078AE400F36D67 /* FirebaseInstallations in Frameworks */,
				63A9C4F32F078A6E00F36D67 /* FirebaseAILogic in Frameworks */,
				63A9C4F92F078A6E00F36D67 /* FirebaseAnalyticsIdentitySupport in Frameworks */,
				63A9C5112F078AE400F36D67 /* FirebaseInAppMessaging-Beta in Frameworks */,
				63A9C4F12F078A6E00F36D67 /* FirebaseAI in Frameworks */,
				63A9C5052F078AE400F36D67 /* FirebaseCrashlytics in Frameworks */,
				63A9C50F2F078AE400F36D67 /* FirebaseFunctionsCombine-Community in Frameworks */,
				63A9C51F2F078AE400F36D67 /* FirebaseStorageCombine-Community in Frameworks */,
				63A9C5072F078AE400F36D67 /* FirebaseDatabase in Frameworks */,
				63A9C51D2F078AE400F36D67 /* FirebaseStorage in Frameworks */,
				63A9C51B2F078AE400F36D67 /* FirebaseRemoteConfig in Frameworks */,
				63A9C4F52F078A6E00F36D67 /* FirebaseAnalytics in Frameworks */,
				63A9C5172F078AE400F36D67 /* FirebaseMessaging in Frameworks */,
				63A9C5152F078AE400F36D67 /* FirebaseMLModelDownloader in Frameworks */,
				63A9C5192F078AE400F36D67 /* FirebasePerformance in Frameworks */,
				63A9C5032F078AE400F36D67 /* FirebaseCore in Frameworks */,
				63A9C4FB2F078AE400F36D67 /* FirebaseAppCheck in Frameworks */,
				63A9C4F72F078A6E00F36D67 /* FirebaseAnalyticsCore in Frameworks */,
				63A9C50D2F078AE400F36D67 /* FirebaseFunctions in Frameworks */,
				63A9C4FF2F078AE400F36D67 /* FirebaseAuth in Frameworks */,
				63A9C50B2F078AE400F36D67 /* FirebaseFirestoreCombine-Community in Frameworks */,
			);
			runOnlyForDeploymentPostprocessing = 0;
		};
/* End PBXFrameworksBuildPhase section */

/* Begin PBXGroup section */
		639FC04F2F0636C600388606 = {
			isa = PBXGroup;
			children = (
				639FC05A2F0636C600388606 /* Unseen */,
				639FC0592F0636C600388606 /* Products */,
			);
			sourceTree = "<group>";
		};
		639FC0592F0636C600388606 /* Products */ = {
			isa = PBXGroup;
			children = (
				639FC0582F0636C600388606 /* Unseen.app */,
			);
			name = Products;
			sourceTree = "<group>";
		};
/* End PBXGroup section */

/* Begin PBXNativeTarget section */
		639FC0572F0636C600388606 /* Unseen */ = {
			isa = PBXNativeTarget;
			buildConfigurationList = 639FC0632F0636C700388606 /* Build configuration list for PBXNativeTarget "Unseen" */;
			buildPhases = (
				639FC0542F0636C600388606 /* Sources */,
				639FC0552F0636C600388606 /* Frameworks */,
				639FC0562F0636C600388606 /* Resources */,
			);
			buildRules = (
			);
			dependencies = (
			);
			fileSystemSynchronizedGroups = (
				639FC05A2F0636C600388606 /* Unseen */,
			);
			name = Unseen;
			packageProductDependencies = (
				63A9C4F02F078A6E00F36D67 /* FirebaseAI */,
				63A9C4F22F078A6E00F36D67 /* FirebaseAILogic */,
				63A9C4F42F078A6E00F36D67 /* FirebaseAnalytics */,
				63A9C4F62F078A6E00F36D67 /* FirebaseAnalyticsCore */,
				63A9C4F82F078A6E00F36D67 /* FirebaseAnalyticsIdentitySupport */,
				63A9C4FA2F078AE400F36D67 /* FirebaseAppCheck */,
				63A9C4FC2F078AE400F36D67 /* FirebaseAppDistribution-Beta */,
				63A9C4FE2F078AE400F36D67 /* FirebaseAuth */,
				63A9C5002F078AE400F36D67 /* FirebaseAuthCombine-Community */,
				63A9C5022F078AE400F36D67 /* FirebaseCore */,
				63A9C5042F078AE400F36D67 /* FirebaseCrashlytics */,
				63A9C5062F078AE400F36D67 /* FirebaseDatabase */,
				63A9C5082F078AE400F36D67 /* FirebaseFirestore */,
				63A9C50A2F078AE400F36D67 /* FirebaseFirestoreCombine-Community */,
				63A9C50C2F078AE400F36D67 /* FirebaseFunctions */,
				63A9C50E2F078AE400F36D67 /* FirebaseFunctionsCombine-Community */,
				63A9C5102F078AE400F36D67 /* FirebaseInAppMessaging-Beta */,
				63A9C5122F078AE400F36D67 /* FirebaseInstallations */,
				63A9C5142F078AE400F36D67 /* FirebaseMLModelDownloader */,
				63A9C5162F078AE400F36D67 /* FirebaseMessaging */,
				63A9C5182F078AE400F36D67 /* FirebasePerformance */,
				63A9C51A2F078AE400F36D67 /* FirebaseRemoteConfig */,
				63A9C51C2F078AE400F36D67 /* FirebaseStorage */,
				63A9C51E2F078AE400F36D67 /* FirebaseStorageCombine-Community */,
			);
			productName = Unseen;
			productReference = 639FC0582F0636C600388606 /* Unseen.app */;
			productType = "com.apple.product-type.application";
		};
/* End PBXNativeTarget section */

/* Begin PBXProject section */
		639FC0502F0636C600388606 /* Project object */ = {
			isa = PBXProject;
			attributes = {
				BuildIndependentTargetsInParallel = 1;
				LastSwiftUpdateCheck = 2600;
				LastUpgradeCheck = 2600;
				TargetAttributes = {
					639FC0572F0636C600388606 = {
						CreatedOnToolsVersion = 26.0;
					};
				};
			};
			buildConfigurationList = 639FC0532F0636C600388606 /* Build configuration list for PBXProject "Unseen" */;
			developmentRegion = en;
			hasScannedForEncodings = 0;
			knownRegions = (
				en,
				Base,
			);
			mainGroup = 639FC04F2F0636C600388606;
			minimizedProjectReferenceProxies = 1;
			packageReferences = (
				63A9C4EF2F078A6E00F36D67 /* XCRemoteSwiftPackageReference "firebase-ios-sdk" */,
			);
			preferredProjectObjectVersion = 77;
			productRefGroup = 639FC0592F0636C600388606 /* Products */;
			projectDirPath = "";
			projectRoot = "";
			targets = (
				639FC0572F0636C600388606 /* Unseen */,
			);
		};
/* End PBXProject section */

/* Begin PBXResourcesBuildPhase section */
		639FC0562F0636C600388606 /* Resources */ = {
			isa = PBXResourcesBuildPhase;
			buildActionMask = 2147483647;
			files = (
			);
			runOnlyForDeploymentPostprocessing = 0;
		};
/* End PBXResourcesBuildPhase section */

/* Begin PBXSourcesBuildPhase section */
		639FC0542F0636C600388606 /* Sources */ = {
			isa = PBXSourcesBuildPhase;
			buildActionMask = 2147483647;
			files = (
			);
			runOnlyForDeploymentPostprocessing = 0;
		};
/* End PBXSourcesBuildPhase section */

/* Begin XCBuildConfiguration section */
		639FC0612F0636C700388606 /* Debug */ = {
			isa = XCBuildConfiguration;
			buildSettings = {
				ALWAYS_SEARCH_USER_PATHS = NO;
				ASSETCATALOG_COMPILER_GENERATE_SWIFT_ASSET_SYMBOL_EXTENSIONS = YES;
				CLANG_ANALYZER_NONNULL = YES;
				CLANG_ANALYZER_NUMBER_OBJECT_CONVERSION = YES_AGGRESSIVE;
				CLANG_CXX_LANGUAGE_STANDARD = "gnu++20";
				CLANG_ENABLE_MODULES = YES;
				CLANG_ENABLE_OBJC_ARC = YES;
				CLANG_ENABLE_OBJC_WEAK = YES;
				CLANG_WARN_BLOCK_CAPTURE_AUTORELEASING = YES;
				CLANG_WARN_BOOL_CONVERSION = YES;
				CLANG_WARN_COMMA = YES;
				CLANG_WARN_CONSTANT_CONVERSION = YES;
				CLANG_WARN_DEPRECATED_OBJC_IMPLEMENTATIONS = YES;
				CLANG_WARN_DIRECT_OBJC_ISA_USAGE = YES_ERROR;
				CLANG_WARN_DOCUMENTATION_COMMENTS = YES;
				CLANG_WARN_EMPTY_BODY = YES;
				CLANG_WARN_ENUM_CONVERSION = YES;
				CLANG_WARN_INFINITE_RECURSION = YES;
				CLANG_WARN_INT_CONVERSION = YES;
				CLANG_WARN_NON_LITERAL_NULL_CONVERSION = YES;
				CLANG_WARN_OBJC_IMPLICIT_RETAIN_SELF = YES;
				CLANG_WARN_OBJC_LITERAL_CONVERSION = YES;
				CLANG_WARN_OBJC_ROOT_CLASS = YES_ERROR;
				CLANG_WARN_QUOTED_INCLUDE_IN_FRAMEWORK_HEADER = YES;
				CLANG_WARN_RANGE_LOOP_ANALYSIS = YES;
				CLANG_WARN_STRICT_PROTOTYPES = YES;
				CLANG_WARN_SUSPICIOUS_MOVE = YES;
				CLANG_WARN_UNGUARDED_AVAILABILITY = YES_AGGRESSIVE;
				CLANG_WARN_UNREACHABLE_CODE = YES;
				CLANG_WARN__DUPLICATE_METHOD_MATCH = YES;
				COPY_PHASE_STRIP = NO;
				DEBUG_INFORMATION_FORMAT = dwarf;
				DEVELOPMENT_TEAM = 4ZNPSA2GSY;
				ENABLE_STRICT_OBJC_MSGSEND = YES;
				ENABLE_TESTABILITY = YES;
				ENABLE_USER_SCRIPT_SANDBOXING = YES;
				GCC_C_LANGUAGE_STANDARD = gnu17;
				GCC_DYNAMIC_NO_PIC = NO;
				GCC_NO_COMMON_BLOCKS = YES;
				GCC_OPTIMIZATION_LEVEL = 0;
				GCC_PREPROCESSOR_DEFINITIONS = (
					"DEBUG=1",
					"$(inherited)",
				);
				GCC_WARN_64_TO_32_BIT_CONVERSION = YES;
				GCC_WARN_ABOUT_RETURN_TYPE = YES_ERROR;
				GCC_WARN_UNDECLARED_SELECTOR = YES;
				GCC_WARN_UNINITIALIZED_AUTOS = YES_AGGRESSIVE;
				GCC_WARN_UNUSED_FUNCTION = YES;
				GCC_WARN_UNUSED_VARIABLE = YES;
				IPHONEOS_DEPLOYMENT_TARGET = 26.0;
				LOCALIZATION_PREFERS_STRING_CATALOGS = YES;
				MTL_ENABLE_DEBUG_INFO = INCLUDE_SOURCE;
				MTL_FAST_MATH = YES;
				ONLY_ACTIVE_ARCH = YES;
				SDKROOT = iphoneos;
				SWIFT_ACTIVE_COMPILATION_CONDITIONS = "DEBUG $(inherited)";
				SWIFT_OPTIMIZATION_LEVEL = "-Onone";
			};
			name = Debug;
		};
		639FC0622F0636C700388606 /* Release */ = {
			isa = XCBuildConfiguration;
			buildSettings = {
				ALWAYS_SEARCH_USER_PATHS = NO;
				ASSETCATALOG_COMPILER_GENERATE_SWIFT_ASSET_SYMBOL_EXTENSIONS = YES;
				CLANG_ANALYZER_NONNULL = YES;
				CLANG_ANALYZER_NUMBER_OBJECT_CONVERSION = YES_AGGRESSIVE;
				CLANG_CXX_LANGUAGE_STANDARD = "gnu++20";
				CLANG_ENABLE_MODULES = YES;
				CLANG_ENABLE_OBJC_ARC = YES;
				CLANG_ENABLE_OBJC_WEAK = YES;
				CLANG_WARN_BLOCK_CAPTURE_AUTORELEASING = YES;
				CLANG_WARN_BOOL_CONVERSION = YES;
				CLANG_WARN_COMMA = YES;
				CLANG_WARN_CONSTANT_CONVERSION = YES;
				CLANG_WARN_DEPRECATED_OBJC_IMPLEMENTATIONS = YES;
				CLANG_WARN_DIRECT_OBJC_ISA_USAGE = YES_ERROR;
				CLANG_WARN_DOCUMENTATION_COMMENTS = YES;
				CLANG_WARN_EMPTY_BODY = YES;
				CLANG_WARN_ENUM_CONVERSION = YES;
				CLANG_WARN_INFINITE_RECURSION = YES;
				CLANG_WARN_INT_CONVERSION = YES;
				CLANG_WARN_NON_LITERAL_NULL_CONVERSION = YES;
				CLANG_WARN_OBJC_IMPLICIT_RETAIN_SELF = YES;
				CLANG_WARN_OBJC_LITERAL_CONVERSION = YES;
				CLANG_WARN_OBJC_ROOT_CLASS = YES_ERROR;
				CLANG_WARN_QUOTED_INCLUDE_IN_FRAMEWORK_HEADER = YES;
				CLANG_WARN_RANGE_LOOP_ANALYSIS = YES;
				CLANG_WARN_STRICT_PROTOTYPES = YES;
				CLANG_WARN_SUSPICIOUS_MOVE = YES;
				CLANG_WARN_UNGUARDED_AVAILABILITY = YES_AGGRESSIVE;
				CLANG_WARN_UNREACHABLE_CODE = YES;
				CLANG_WARN__DUPLICATE_METHOD_MATCH = YES;
				COPY_PHASE_STRIP = NO;
				DEBUG_INFORMATION_FORMAT = "dwarf-with-dsym";
				DEVELOPMENT_TEAM = 4ZNPSA2GSY;
				ENABLE_NS_ASSERTIONS = NO;
				ENABLE_STRICT_OBJC_MSGSEND = YES;
				ENABLE_USER_SCRIPT_SANDBOXING = YES;
				GCC_C_LANGUAGE_STANDARD = gnu17;
				GCC_NO_COMMON_BLOCKS = YES;
				GCC_WARN_64_TO_32_BIT_CONVERSION = YES;
				GCC_WARN_ABOUT_RETURN_TYPE = YES_ERROR;
				GCC_WARN_UNDECLARED_SELECTOR = YES;
				GCC_WARN_UNINITIALIZED_AUTOS = YES_AGGRESSIVE;
				GCC_WARN_UNUSED_FUNCTION = YES;
				GCC_WARN_UNUSED_VARIABLE = YES;
				IPHONEOS_DEPLOYMENT_TARGET = 26.0;
				LOCALIZATION_PREFERS_STRING_CATALOGS = YES;
				MTL_ENABLE_DEBUG_INFO = NO;
				MTL_FAST_MATH = YES;
				SDKROOT = iphoneos;
				SWIFT_COMPILATION_MODE = wholemodule;
				VALIDATE_PRODUCT = YES;
			};
			name = Release;
		};
		639FC0642F0636C700388606 /* Debug */ = {
			isa = XCBuildConfiguration;
			buildSettings = {
				ASSETCATALOG_COMPILER_APPICON_NAME = AppIcon;
				ASSETCATALOG_COMPILER_GLOBAL_ACCENT_COLOR_NAME = AccentColor;
				CODE_SIGN_STYLE = Automatic;
				CURRENT_PROJECT_VERSION = 1;
				DEVELOPMENT_TEAM = 4ZNPSA2GSY;
				ENABLE_PREVIEWS = YES;
				GENERATE_INFOPLIST_FILE = YES;
				INFOPLIST_KEY_UIApplicationSceneManifest_Generation = YES;
				INFOPLIST_KEY_UIApplicationSupportsIndirectInputEvents = YES;
				INFOPLIST_KEY_UILaunchScreen_Generation = YES;
				INFOPLIST_KEY_UISupportedInterfaceOrientations_iPad = "UIInterfaceOrientationPortrait UIInterfaceOrientationPortraitUpsideDown UIInterfaceOrientationLandscapeLeft UIInterfaceOrientationLandscapeRight";
				INFOPLIST_KEY_UISupportedInterfaceOrientations_iPhone = "UIInterfaceOrientationPortrait UIInterfaceOrientationLandscapeLeft UIInterfaceOrientationLandscapeRight";
				LD_RUNPATH_SEARCH_PATHS = (
					"$(inherited)",
					"@executable_path/Frameworks",
				);
				MARKETING_VERSION = 1.0;
				PRODUCT_BUNDLE_IDENTIFIER = Ketan.Unseen;
				PRODUCT_NAME = "$(TARGET_NAME)";
				STRING_CATALOG_GENERATE_SYMBOLS = YES;
				SWIFT_APPROACHABLE_CONCURRENCY = YES;
				SWIFT_DEFAULT_ACTOR_ISOLATION = MainActor;
				SWIFT_EMIT_LOC_STRINGS = YES;
				SWIFT_UPCOMING_FEATURE_MEMBER_IMPORT_VISIBILITY = YES;
				SWIFT_VERSION = 5.0;
				TARGETED_DEVICE_FAMILY = "1,2";
			};
			name = Debug;
		};
		639FC0652F0636C700388606 /* Release */ = {
			isa = XCBuildConfiguration;
			buildSettings = {
				ASSETCATALOG_COMPILER_APPICON_NAME = AppIcon;
				ASSETCATALOG_COMPILER_GLOBAL_ACCENT_COLOR_NAME = AccentColor;
				CODE_SIGN_STYLE = Automatic;
				CURRENT_PROJECT_VERSION = 1;
				DEVELOPMENT_TEAM = 4ZNPSA2GSY;
				ENABLE_PREVIEWS = YES;
				GENERATE_INFOPLIST_FILE = YES;
				INFOPLIST_KEY_UIApplicationSceneManifest_Generation = YES;
				INFOPLIST_KEY_UIApplicationSupportsIndirectInputEvents = YES;
				INFOPLIST_KEY_UILaunchScreen_Generation = YES;
				INFOPLIST_KEY_UISupportedInterfaceOrientations_iPad = "UIInterfaceOrientationPortrait UIInterfaceOrientationPortraitUpsideDown UIInterfaceOrientationLandscapeLeft UIInterfaceOrientationLandscapeRight";
				INFOPLIST_KEY_UISupportedInterfaceOrientations_iPhone = "UIInterfaceOrientationPortrait UIInterfaceOrientationLandscapeLeft UIInterfaceOrientationLandscapeRight";
				LD_RUNPATH_SEARCH_PATHS = (
					"$(inherited)",
					"@executable_path/Frameworks",
				);
				MARKETING_VERSION = 1.0;
				PRODUCT_BUNDLE_IDENTIFIER = Ketan.Unseen;
				PRODUCT_NAME = "$(TARGET_NAME)";
				STRING_CATALOG_GENERATE_SYMBOLS = YES;
				SWIFT_APPROACHABLE_CONCURRENCY = YES;
				SWIFT_DEFAULT_ACTOR_ISOLATION = MainActor;
				SWIFT_EMIT_LOC_STRINGS = YES;
				SWIFT_UPCOMING_FEATURE_MEMBER_IMPORT_VISIBILITY = YES;
				SWIFT_VERSION = 5.0;
				TARGETED_DEVICE_FAMILY = "1,2";
			};
			name = Release;
		};
/* End XCBuildConfiguration section */

/* Begin XCConfigurationList section */
		639FC0532F0636C600388606 /* Build configuration list for PBXProject "Unseen" */ = {
			isa = XCConfigurationList;
			buildConfigurations = (
				639FC0612F0636C700388606 /* Debug */,
				639FC0622F0636C700388606 /* Release */,
			);
			defaultConfigurationIsVisible = 0;
			defaultConfigurationName = Release;
		};
		639FC0632F0636C700388606 /* Build configuration list for PBXNativeTarget "Unseen" */ = {
			isa = XCConfigurationList;
			buildConfigurations = (
				639FC0642F0636C700388606 /* Debug */,
				639FC0652F0636C700388606 /* Release */,
			);
			defaultConfigurationIsVisible = 0;
			defaultConfigurationName = Release;
		};
/* End XCConfigurationList section */

/* Begin XCRemoteSwiftPackageReference section */
		63A9C4EF2F078A6E00F36D67 /* XCRemoteSwiftPackageReference "firebase-ios-sdk" */ = {
			isa = XCRemoteSwiftPackageReference;
			repositoryURL = "https://github.com/firebase/firebase-ios-sdk";
			requirement = {
				kind = upToNextMajorVersion;
				minimumVersion = 12.7.0;
			};
		};
/* End XCRemoteSwiftPackageReference section */

/* Begin XCSwiftPackageProductDependency section */
		63A9C4F02F078A6E00F36D67 /* FirebaseAI */ = {
			isa = XCSwiftPackageProductDependency;
			package = 63A9C4EF2F078A6E00F36D67 /* XCRemoteSwiftPackageReference "firebase-ios-sdk" */;
			productName = FirebaseAI;
		};
		63A9C4F22F078A6E00F36D67 /* FirebaseAILogic */ = {
			isa = XCSwiftPackageProductDependency;
			package = 63A9C4EF2F078A6E00F36D67 /* XCRemoteSwiftPackageReference "firebase-ios-sdk" */;
			productName = FirebaseAILogic;
		};
		63A9C4F42F078A6E00F36D67 /* FirebaseAnalytics */ = {
			isa = XCSwiftPackageProductDependency;
			package = 63A9C4EF2F078A6E00F36D67 /* XCRemoteSwiftPackageReference "firebase-ios-sdk" */;
			productName = FirebaseAnalytics;
		};
		63A9C4F62F078A6E00F36D67 /* FirebaseAnalyticsCore */ = {
			isa = XCSwiftPackageProductDependency;
			package = 63A9C4EF2F078A6E00F36D67 /* XCRemoteSwiftPackageReference "firebase-ios-sdk" */;
			productName = FirebaseAnalyticsCore;
		};
		63A9C4F82F078A6E00F36D67 /* FirebaseAnalyticsIdentitySupport */ = {
			isa = XCSwiftPackageProductDependency;
			package = 63A9C4EF2F078A6E00F36D67 /* XCRemoteSwiftPackageReference "firebase-ios-sdk" */;
			productName = FirebaseAnalyticsIdentitySupport;
		};
		63A9C4FA2F078AE400F36D67 /* FirebaseAppCheck */ = {
			isa = XCSwiftPackageProductDependency;
			package = 63A9C4EF2F078A6E00F36D67 /* XCRemoteSwiftPackageReference "firebase-ios-sdk" */;
			productName = FirebaseAppCheck;
		};
		63A9C4FC2F078AE400F36D67 /* FirebaseAppDistribution-Beta */ = {
			isa = XCSwiftPackageProductDependency;
			package = 63A9C4EF2F078A6E00F36D67 /* XCRemoteSwiftPackageReference "firebase-ios-sdk" */;
			productName = "FirebaseAppDistribution-Beta";
		};
		63A9C4FE2F078AE400F36D67 /* FirebaseAuth */ = {
			isa = XCSwiftPackageProductDependency;
			package = 63A9C4EF2F078A6E00F36D67 /* XCRemoteSwiftPackageReference "firebase-ios-sdk" */;
			productName = FirebaseAuth;
		};
		63A9C5002F078AE400F36D67 /* FirebaseAuthCombine-Community */ = {
			isa = XCSwiftPackageProductDependency;
			package = 63A9C4EF2F078A6E00F36D67 /* XCRemoteSwiftPackageReference "firebase-ios-sdk" */;
			productName = "FirebaseAuthCombine-Community";
		};
		63A9C5022F078AE400F36D67 /* FirebaseCore */ = {
			isa = XCSwiftPackageProductDependency;
			package = 63A9C4EF2F078A6E00F36D67 /* XCRemoteSwiftPackageReference "firebase-ios-sdk" */;
			productName = FirebaseCore;
		};
		63A9C5042F078AE400F36D67 /* FirebaseCrashlytics */ = {
			isa = XCSwiftPackageProductDependency;
			package = 63A9C4EF2F078A6E00F36D67 /* XCRemoteSwiftPackageReference "firebase-ios-sdk" */;
			productName = FirebaseCrashlytics;
		};
		63A9C5062F078AE400F36D67 /* FirebaseDatabase */ = {
			isa = XCSwiftPackageProductDependency;
			package = 63A9C4EF2F078A6E00F36D67 /* XCRemoteSwiftPackageReference "firebase-ios-sdk" */;
			productName = FirebaseDatabase;
		};
		63A9C5082F078AE400F36D67 /* FirebaseFirestore */ = {
			isa = XCSwiftPackageProductDependency;
			package = 63A9C4EF2F078A6E00F36D67 /* XCRemoteSwiftPackageReference "firebase-ios-sdk" */;
			productName = FirebaseFirestore;
		};
		63A9C50A2F078AE400F36D67 /* FirebaseFirestoreCombine-Community */ = {
			isa = XCSwiftPackageProductDependency;
			package = 63A9C4EF2F078A6E00F36D67 /* XCRemoteSwiftPackageReference "firebase-ios-sdk" */;
			productName = "FirebaseFirestoreCombine-Community";
		};
		63A9C50C2F078AE400F36D67 /* FirebaseFunctions */ = {
			isa = XCSwiftPackageProductDependency;
			package = 63A9C4EF2F078A6E00F36D67 /* XCRemoteSwiftPackageReference "firebase-ios-sdk" */;
			productName = FirebaseFunctions;
		};
		63A9C50E2F078AE400F36D67 /* FirebaseFunctionsCombine-Community */ = {
			isa = XCSwiftPackageProductDependency;
			package = 63A9C4EF2F078A6E00F36D67 /* XCRemoteSwiftPackageReference "firebase-ios-sdk" */;
			productName = "FirebaseFunctionsCombine-Community";
		};
		63A9C5102F078AE400F36D67 /* FirebaseInAppMessaging-Beta */ = {
			isa = XCSwiftPackageProductDependency;
			package = 63A9C4EF2F078A6E00F36D67 /* XCRemoteSwiftPackageReference "firebase-ios-sdk" */;
			productName = "FirebaseInAppMessaging-Beta";
		};
		63A9C5122F078AE400F36D67 /* FirebaseInstallations */ = {
			isa = XCSwiftPackageProductDependency;
			package = 63A9C4EF2F078A6E00F36D67 /* XCRemoteSwiftPackageReference "firebase-ios-sdk" */;
			productName = FirebaseInstallations;
		};
		63A9C5142F078AE400F36D67 /* FirebaseMLModelDownloader */ = {
			isa = XCSwiftPackageProductDependency;
			package = 63A9C4EF2F078A6E00F36D67 /* XCRemoteSwiftPackageReference "firebase-ios-sdk" */;
			productName = FirebaseMLModelDownloader;
		};
		63A9C5162F078AE400F36D67 /* FirebaseMessaging */ = {
			isa = XCSwiftPackageProductDependency;
			package = 63A9C4EF2F078A6E00F36D67 /* XCRemoteSwiftPackageReference "firebase-ios-sdk" */;
			productName = FirebaseMessaging;
		};
		63A9C5182F078AE400F36D67 /* FirebasePerformance */ = {
			isa = XCSwiftPackageProductDependency;
			package = 63A9C4EF2F078A6E00F36D67 /* XCRemoteSwiftPackageReference "firebase-ios-sdk" */;
			productName = FirebasePerformance;
		};
		63A9C51A2F078AE400F36D67 /* FirebaseRemoteConfig */ = {
			isa = XCSwiftPackageProductDependency;
			package = 63A9C4EF2F078A6E00F36D67 /* XCRemoteSwiftPackageReference "firebase-ios-sdk" */;
			productName = FirebaseRemoteConfig;
		};
		63A9C51C2F078AE400F36D67 /* FirebaseStorage */ = {
			isa = XCSwiftPackageProductDependency;
			package = 63A9C4EF2F078A6E00F36D67 /* XCRemoteSwiftPackageReference "firebase-ios-sdk" */;
			productName = FirebaseStorage;
		};
		63A9C51E2F078AE400F36D67 /* FirebaseStorageCombine-Community */ = {
			isa = XCSwiftPackageProductDependency;
			package = 63A9C4EF2F078A6E00F36D67 /* XCRemoteSwiftPackageReference "firebase-ios-sdk" */;
			productName = "FirebaseStorageCombine-Community";
		};
/* End XCSwiftPackageProductDependency section */
	};
	rootObject = 639FC0502F0636C600388606 /* Project object */;
}
